
Microsoft Visual Studio Solution File, Format Version 12.00
# Visual Studio Version 17
VisualStudioVersion = 17.4.33213.308
MinimumVisualStudioVersion = 10.0.40219.1
Project("{FAE04EC0-301F-11D3-BF4B-00C04F79EFBC}") = "Task5_18.03", "Task5_18.03\Task5_18.03.csproj", "{957787A4-E812-4267-A334-773E2B53498D}"
EndProject
Global
	GlobalSection(SolutionConfigurationPlatforms) = preSolution
		Debug|Any CPU = Debug|Any CPU
		Release|Any CPU = Release|Any CPU
	EndGlobalSection
	GlobalSection(ProjectConfigurationPlatforms) = postSolution
		{957787A4-E812-4267-A334-773E2B53498D}.Debug|Any CPU.ActiveCfg = Debug|Any CPU
		{957787A4-E812-4267-A334-773E2B53498D}.Debug|Any CPU.Build.0 = Debug|Any CPU
		{957787A4-E812-4267-A334-773E2B53498D}.Release|Any CPU.ActiveCfg = Release|Any CPU
		{957787A4-E812-4267-A334-773E2B53498D}.Release|Any CPU.Build.0 = Release|Any CPU
	EndGlobalSection
	GlobalSection(SolutionProperties) = preSolution
		HideSolutionNode = FALSE
	EndGlobalSection
	GlobalSection(ExtensibilityGlobals) = postSolution
		SolutionGuid = {5A7FC930-03D4-4637-8425-3911F11152C0}
	EndGlobalSection
EndGlobal
